// !$*UTF8*$!
{
	archiveVersion = 1;
	classes = {
	};
	objectVersion = 56;
	objects = {

/* Begin PBXBuildFile section */
		100000000000000000000001 /* ChromeProfileRouterApp.swift in Sources */ = {isa = PBXBuildFile; fileRef = 100000000000000000000101 /* ChromeProfileRouterApp.swift */; };
		100000000000000000000002 /* AppDelegate.swift in Sources */ = {isa = PBXBuildFile; fileRef = 100000000000000000000102 /* AppDelegate.swift */; };
		100000000000000000000003 /* Notifications.swift in Sources */ = {isa = PBXBuildFile; fileRef = 100000000000000000000103 /* Notifications.swift */; };
		100000000000000000000004 /* ChromeProfile.swift in Sources */ = {isa = PBXBuildFile; fileRef = 100000000000000000000104 /* ChromeProfile.swift */; };
		100000000000000000000005 /* ChromeProfileScanner.swift in Sources */ = {isa = PBXBuildFile; fileRef = 100000000000000000000105 /* ChromeProfileScanner.swift */; };
		100000000000000000000006 /* SettingsStore.swift in Sources */ = {isa = PBXBuildFile; fileRef = 100000000000000000000106 /* SettingsStore.swift */; };
		100000000000000000000007 /* ChromeLauncher.swift in Sources */ = {isa = PBXBuildFile; fileRef = 100000000000000000000107 /* ChromeLauncher.swift */; };
		100000000000000000000008 /* DefaultBrowserRegistrar.swift in Sources */ = {isa = PBXBuildFile; fileRef = 100000000000000000000108 /* DefaultBrowserRegistrar.swift */; };
		100000000000000000000009 /* AppState.swift in Sources */ = {isa = PBXBuildFile; fileRef = 100000000000000000000109 /* AppState.swift */; };
		10000000000000000000000A /* MenuBarView.swift in Sources */ = {isa = PBXBuildFile; fileRef = 10000000000000000000010A /* MenuBarView.swift */; };
		10000000000000000000000B /* SettingsView.swift in Sources */ = {isa = PBXBuildFile; fileRef = 10000000000000000000010B /* SettingsView.swift */; };
		10000000000000000000000C /* Assets.xcassets in Resources */ = {isa = PBXBuildFile; fileRef = 10000000000000000000010D /* Assets.xcassets */; };
		10000000000000000000000D /* LoginItemManager.swift in Sources */ = {isa = PBXBuildFile; fileRef = 10000000000000000000010E /* LoginItemManager.swift */; };
/* End PBXBuildFile section */

/* Begin PBXFileReference section */
		100000000000000000000101 /* ChromeProfileRouterApp.swift */ = {isa = PBXFileReference; lastKnownFileType = sourcecode.swift; path = ChromeProfileRouterApp.swift; sourceTree = "<group>"; };
		100000000000000000000102 /* AppDelegate.swift */ = {isa = PBXFileReference; lastKnownFileType = sourcecode.swift; path = AppDelegate.swift; sourceTree = "<group>"; };
		100000000000000000000103 /* Notifications.swift */ = {isa = PBXFileReference; lastKnownFileType = sourcecode.swift; path = Notifications.swift; sourceTree = "<group>"; };
		100000000000000000000104 /* ChromeProfile.swift */ = {isa = PBXFileReference; lastKnownFileType = sourcecode.swift; path = ChromeProfile.swift; sourceTree = "<group>"; };
		100000000000000000000105 /* ChromeProfileScanner.swift */ = {isa = PBXFileReference; lastKnownFileType = sourcecode.swift; path = ChromeProfileScanner.swift; sourceTree = "<group>"; };
		100000000000000000000106 /* SettingsStore.swift */ = {isa = PBXFileReference; lastKnownFileType = sourcecode.swift; path = SettingsStore.swift; sourceTree = "<group>"; };
		100000000000000000000107 /* ChromeLauncher.swift */ = {isa = PBXFileReference; lastKnownFileType = sourcecode.swift; path = ChromeLauncher.swift; sourceTree = "<group>"; };
		100000000000000000000108 /* DefaultBrowserRegistrar.swift */ = {isa = PBXFileReference; lastKnownFileType = sourcecode.swift; path = DefaultBrowserRegistrar.swift; sourceTree = "<group>"; };
		100000000000000000000109 /* AppState.swift */ = {isa = PBXFileReference; lastKnownFileType = sourcecode.swift; path = AppState.swift; sourceTree = "<group>"; };
		10000000000000000000010A /* MenuBarView.swift */ = {isa = PBXFileReference; lastKnownFileType = sourcecode.swift; path = MenuBarView.swift; sourceTree = "<group>"; };
		10000000000000000000010B /* SettingsView.swift */ = {isa = PBXFileReference; lastKnownFileType = sourcecode.swift; path = SettingsView.swift; sourceTree = "<group>"; };
		10000000000000000000010C /* Info.plist */ = {isa = PBXFileReference; lastKnownFileType = text.plist.xml; path = Info.plist; sourceTree = "<group>"; };
		10000000000000000000010D /* Assets.xcassets */ = {isa = PBXFileReference; lastKnownFileType = folder.assetcatalog; path = Assets.xcassets; sourceTree = "<group>"; };
		10000000000000000000010E /* LoginItemManager.swift */ = {isa = PBXFileReference; lastKnownFileType = sourcecode.swift; path = LoginItemManager.swift; sourceTree = "<group>"; };
		100000000000000000000201 /* ChromeProfileRouter.app */ = {isa = PBXFileReference; explicitFileType = wrapper.application; includeInIndex = 0; path = ChromeProfileRouter.app; sourceTree = BUILT_PRODUCTS_DIR; };
		100000000000000000000301 /* README.md */ = {isa = PBXFileReference; lastKnownFileType = net.daringfireball.markdown; path = README.md; sourceTree = "<group>"; };
/* End PBXFileReference section */

/* Begin PBXFrameworksBuildPhase section */
		100000000000000000000401 /* Frameworks */ = {
			isa = PBXFrameworksBuildPhase;
			buildActionMask = 2147483647;
			files = (
			);
			runOnlyForDeploymentPostprocessing = 0;
		};
/* End PBXFrameworksBuildPhase section */

/* Begin PBXGroup section */
		100000000000000000000501 = {
			isa = PBXGroup;
			children = (
				100000000000000000000301 /* README.md */,
				100000000000000000000502 /* ChromeProfileRouter */,
				100000000000000000000503 /* Products */,
			);
			sourceTree = "<group>";
		};
		100000000000000000000502 /* ChromeProfileRouter */ = {
			isa = PBXGroup;
			children = (
				100000000000000000000101 /* ChromeProfileRouterApp.swift */,
				100000000000000000000102 /* AppDelegate.swift */,
				100000000000000000000103 /* Notifications.swift */,
				100000000000000000000109 /* AppState.swift */,
				100000000000000000000104 /* ChromeProfile.swift */,
				100000000000000000000105 /* ChromeProfileScanner.swift */,
				100000000000000000000107 /* ChromeLauncher.swift */,
				100000000000000000000108 /* DefaultBrowserRegistrar.swift */,
				10000000000000000000010E /* LoginItemManager.swift */,
				100000000000000000000106 /* SettingsStore.swift */,
				10000000000000000000010A /* MenuBarView.swift */,
				10000000000000000000010B /* SettingsView.swift */,
				10000000000000000000010D /* Assets.xcassets */,
				10000000000000000000010C /* Info.plist */,
			);
			path = ChromeProfileRouter;
			sourceTree = "<group>";
		};
		100000000000000000000503 /* Products */ = {
			isa = PBXGroup;
			children = (
				100000000000000000000201 /* ChromeProfileRouter.app */,
			);
			name = Products;
			sourceTree = "<group>";
		};
/* End PBXGroup section */

/* Begin PBXNativeTarget section */
		100000000000000000000601 /* ChromeProfileRouter */ = {
			isa = PBXNativeTarget;
			buildConfigurationList = 100000000000000000000701 /* Build configuration list for PBXNativeTarget "ChromeProfileRouter" */;
			buildPhases = (
				100000000000000000000801 /* Sources */,
				100000000000000000000401 /* Frameworks */,
				100000000000000000000802 /* Resources */,
			);
			buildRules = (
			);
			dependencies = (
			);
			name = ChromeProfileRouter;
			productName = ChromeProfileRouter;
			productReference = 100000000000000000000201 /* ChromeProfileRouter.app */;
			productType = "com.apple.product-type.application";
		};
/* End PBXNativeTarget section */

/* Begin PBXProject section */
		100000000000000000000901 /* Project object */ = {
			isa = PBXProject;
			attributes = {
				BuildIndependentTargetsInParallel = 1;
				LastSwiftUpdateCheck = 1600;
				LastUpgradeCheck = 1600;
				TargetAttributes = {
					100000000000000000000601 = {
						CreatedOnToolsVersion = 16.0;
					};
				};
			};
			buildConfigurationList = 100000000000000000000702 /* Build configuration list for PBXProject "ChromeProfileRouter" */;
			compatibilityVersion = "Xcode 14.0";
			developmentRegion = en;
			hasScannedForEncodings = 0;
			knownRegions = (
				en,
				Base,
			);
			mainGroup = 100000000000000000000501;
			productRefGroup = 100000000000000000000503 /* Products */;
			projectDirPath = "";
			projectRoot = "";
			targets = (
				100000000000000000000601 /* ChromeProfileRouter */,
			);
		};
/* End PBXProject section */

/* Begin PBXResourcesBuildPhase section */
		100000000000000000000802 /* Resources */ = {
			isa = PBXResourcesBuildPhase;
			buildActionMask = 2147483647;
			files = (
				10000000000000000000000C /* Assets.xcassets in Resources */,
			);
			runOnlyForDeploymentPostprocessing = 0;
		};
/* End PBXResourcesBuildPhase section */

/* Begin PBXSourcesBuildPhase section */
		100000000000000000000801 /* Sources */ = {
			isa = PBXSourcesBuildPhase;
			buildActionMask = 2147483647;
			files = (
				100000000000000000000001 /* ChromeProfileRouterApp.swift in Sources */,
				100000000000000000000002 /* AppDelegate.swift in Sources */,
				100000000000000000000003 /* Notifications.swift in Sources */,
				100000000000000000000004 /* ChromeProfile.swift in Sources */,
				100000000000000000000005 /* ChromeProfileScanner.swift in Sources */,
				100000000000000000000006 /* SettingsStore.swift in Sources */,
				100000000000000000000007 /* ChromeLauncher.swift in Sources */,
				100000000000000000000008 /* DefaultBrowserRegistrar.swift in Sources */,
				100000000000000000000009 /* AppState.swift in Sources */,
				10000000000000000000000A /* MenuBarView.swift in Sources */,
				10000000000000000000000B /* SettingsView.swift in Sources */,
				10000000000000000000000D /* LoginItemManager.swift in Sources */,
			);
			runOnlyForDeploymentPostprocessing = 0;
		};
/* End PBXSourcesBuildPhase section */

/* Begin XCBuildConfiguration section */
		100000000000000000000A01 /* Debug */ = {
			isa = XCBuildConfiguration;
			buildSettings = {
				ALWAYS_SEARCH_USER_PATHS = NO;
				CLANG_ANALYZER_NONNULL = YES;
				CLANG_ANALYZER_NUMBER_OBJECT_CONVERSION = YES_AGGRESSIVE;
				CLANG_CXX_LANGUAGE_STANDARD = "gnu++20";
				CLANG_ENABLE_MODULES = YES;
				CLANG_ENABLE_OBJC_ARC = YES;
				CLANG_ENABLE_OBJC_WEAK = YES;
				CLANG_WARN_BLOCK_CAPTURE_AUTORELEASING = YES;
				CLANG_WARN_BOOL_CONVERSION = YES;
				CLANG_WARN_COMMA = YES;
				CLANG_WARN_CONSTANT_CONVERSION = YES;
				CLANG_WARN_DEPRECATED_OBJC_IMPLEMENTATIONS = YES;
				CLANG_WARN_DIRECT_OBJC_ISA_USAGE = YES_ERROR;
				CLANG_WARN_DOCUMENTATION_COMMENTS = YES;
				CLANG_WARN_EMPTY_BODY = YES;
				CLANG_WARN_ENUM_CONVERSION = YES;
				CLANG_WARN_INFINITE_RECURSION = YES;
				CLANG_WARN_INT_CONVERSION = YES;
				CLANG_WARN_NON_LITERAL_NULL_CONVERSION = YES;
				CLANG_WARN_OBJC_IMPLICIT_RETAIN_SELF = YES;
				CLANG_WARN_OBJC_LITERAL_CONVERSION = YES;
				CLANG_WARN_OBJC_ROOT_CLASS = YES_ERROR;
				CLANG_WARN_QUOTED_INCLUDE_IN_FRAMEWORK_HEADER = YES;
				CLANG_WARN_RANGE_LOOP_ANALYSIS = YES;
				CLANG_WARN_STRICT_PROTOTYPES = YES;
				CLANG_WARN_SUSPICIOUS_MOVE = YES;
				CLANG_WARN_UNGUARDED_AVAILABILITY = YES_AGGRESSIVE;
				CLANG_WARN_UNREACHABLE_CODE = YES;
				CLANG_WARN__DUPLICATE_METHOD_MATCH = YES;
				CODE_SIGNING_ALLOWED = NO;
				COPY_PHASE_STRIP = NO;
				DEBUG_INFORMATION_FORMAT = dwarf;
				ENABLE_STRICT_OBJC_MSGSEND = YES;
				ENABLE_TESTABILITY = YES;
				ENABLE_USER_SCRIPT_SANDBOXING = YES;
				GCC_C_LANGUAGE_STANDARD = gnu17;
				GCC_DYNAMIC_NO_PIC = NO;
				GCC_NO_COMMON_BLOCKS = YES;
				GCC_OPTIMIZATION_LEVEL = 0;
				GCC_PREPROCESSOR_DEFINITIONS = (
					"DEBUG=1",
					"$(inherited)",
				);
				GCC_WARN_64_TO_32_BIT_CONVERSION = YES;
				GCC_WARN_ABOUT_RETURN_TYPE = YES_ERROR;
				GCC_WARN_UNDECLARED_SELECTOR = YES;
				GCC_WARN_UNINITIALIZED_AUTOS = YES_AGGRESSIVE;
				GCC_WARN_UNUSED_FUNCTION = YES;
				GCC_WARN_UNUSED_VARIABLE = YES;
				MACOSX_DEPLOYMENT_TARGET = 14.0;
				MTL_ENABLE_DEBUG_INFO = INCLUDE_SOURCE;
				MTL_FAST_MATH = YES;
				ONLY_ACTIVE_ARCH = YES;
				SDKROOT = macosx;
				SWIFT_ACTIVE_COMPILATION_CONDITIONS = "DEBUG $(inherited)";
				SWIFT_OPTIMIZATION_LEVEL = "-Onone";
			};
			name = Debug;
		};
		100000000000000000000A02 /* Release */ = {
			isa = XCBuildConfiguration;
			buildSettings = {
				ALWAYS_SEARCH_USER_PATHS = NO;
				CLANG_ANALYZER_NONNULL = YES;
				CLANG_ANALYZER_NUMBER_OBJECT_CONVERSION = YES_AGGRESSIVE;
				CLANG_CXX_LANGUAGE_STANDARD = "gnu++20";
				CLANG_ENABLE_MODULES = YES;
				CLANG_ENABLE_OBJC_ARC = YES;
				CLANG_ENABLE_OBJC_WEAK = YES;
				CLANG_WARN_BLOCK_CAPTURE_AUTORELEASING = YES;
				CLANG_WARN_BOOL_CONVERSION = YES;
				CLANG_WARN_COMMA = YES;
				CLANG_WARN_CONSTANT_CONVERSION = YES;
				CLANG_WARN_DEPRECATED_OBJC_IMPLEMENTATIONS = YES;
				CLANG_WARN_DIRECT_OBJC_ISA_USAGE = YES_ERROR;
				CLANG_WARN_DOCUMENTATION_COMMENTS = YES;
				CLANG_WARN_EMPTY_BODY = YES;
				CLANG_WARN_ENUM_CONVERSION = YES;
				CLANG_WARN_INFINITE_RECURSION = YES;
				CLANG_WARN_INT_CONVERSION = YES;
				CLANG_WARN_NON_LITERAL_NULL_CONVERSION = YES;
				CLANG_WARN_OBJC_IMPLICIT_RETAIN_SELF = YES;
				CLANG_WARN_OBJC_LITERAL_CONVERSION = YES;
				CLANG_WARN_OBJC_ROOT_CLASS = YES_ERROR;
				CLANG_WARN_QUOTED_INCLUDE_IN_FRAMEWORK_HEADER = YES;
				CLANG_WARN_RANGE_LOOP_ANALYSIS = YES;
				CLANG_WARN_STRICT_PROTOTYPES = YES;
				CLANG_WARN_SUSPICIOUS_MOVE = YES;
				CLANG_WARN_UNGUARDED_AVAILABILITY = YES_AGGRESSIVE;
				CLANG_WARN_UNREACHABLE_CODE = YES;
				CLANG_WARN__DUPLICATE_METHOD_MATCH = YES;
				CODE_SIGNING_ALLOWED = NO;
				COPY_PHASE_STRIP = NO;
				DEBUG_INFORMATION_FORMAT = "dwarf-with-dsym";
				ENABLE_NS_ASSERTIONS = NO;
				ENABLE_STRICT_OBJC_MSGSEND = YES;
				ENABLE_USER_SCRIPT_SANDBOXING = YES;
				GCC_C_LANGUAGE_STANDARD = gnu17;
				GCC_NO_COMMON_BLOCKS = YES;
				GCC_WARN_64_TO_32_BIT_CONVERSION = YES;
				GCC_WARN_ABOUT_RETURN_TYPE = YES_ERROR;
				GCC_WARN_UNDECLARED_SELECTOR = YES;
				GCC_WARN_UNINITIALIZED_AUTOS = YES_AGGRESSIVE;
				GCC_WARN_UNUSED_FUNCTION = YES;
				GCC_WARN_UNUSED_VARIABLE = YES;
				MACOSX_DEPLOYMENT_TARGET = 14.0;
				MTL_ENABLE_DEBUG_INFO = NO;
				MTL_FAST_MATH = YES;
				SDKROOT = macosx;
				SWIFT_COMPILATION_MODE = wholemodule;
			};
			name = Release;
		};
		100000000000000000000A03 /* Debug */ = {
			isa = XCBuildConfiguration;
			buildSettings = {
				ASSETCATALOG_COMPILER_APPICON_NAME = AppIcon;
				COMBINE_HIDPI_IMAGES = YES;
				CODE_SIGNING_ALLOWED = NO;
				INFOPLIST_FILE = ChromeProfileRouter/Info.plist;
				LD_RUNPATH_SEARCH_PATHS = (
					"$(inherited)",
					"@executable_path/../Frameworks",
				);
				MACOSX_DEPLOYMENT_TARGET = 14.0;
				PRODUCT_BUNDLE_IDENTIFIER = io.github.k02miu.ChromeProfileRouter;
				PRODUCT_NAME = "$(TARGET_NAME)";
				SWIFT_EMIT_LOC_STRINGS = YES;
				SWIFT_VERSION = 6.0;
			};
			name = Debug;
		};
		100000000000000000000A04 /* Release */ = {
			isa = XCBuildConfiguration;
			buildSettings = {
				ASSETCATALOG_COMPILER_APPICON_NAME = AppIcon;
				COMBINE_HIDPI_IMAGES = YES;
				CODE_SIGNING_ALLOWED = NO;
				INFOPLIST_FILE = ChromeProfileRouter/Info.plist;
				LD_RUNPATH_SEARCH_PATHS = (
					"$(inherited)",
					"@executable_path/../Frameworks",
				);
				MACOSX_DEPLOYMENT_TARGET = 14.0;
				PRODUCT_BUNDLE_IDENTIFIER = io.github.k02miu.ChromeProfileRouter;
				PRODUCT_NAME = "$(TARGET_NAME)";
				SWIFT_EMIT_LOC_STRINGS = YES;
				SWIFT_VERSION = 6.0;
			};
			name = Release;
		};
/* End XCBuildConfiguration section */

/* Begin XCConfigurationList section */
		100000000000000000000701 /* Build configuration list for PBXNativeTarget "ChromeProfileRouter" */ = {
			isa = XCConfigurationList;
			buildConfigurations = (
				100000000000000000000A03 /* Debug */,
				100000000000000000000A04 /* Release */,
			);
			defaultConfigurationIsVisible = 0;
			defaultConfigurationName = Release;
		};
		100000000000000000000702 /* Build configuration list for PBXProject "ChromeProfileRouter" */ = {
			isa = XCConfigurationList;
			buildConfigurations = (
				100000000000000000000A01 /* Debug */,
				100000000000000000000A02 /* Release */,
			);
			defaultConfigurationIsVisible = 0;
			defaultConfigurationName = Release;
		};
/* End XCConfigurationList section */
	};
	rootObject = 100000000000000000000901 /* Project object */;
}
